
Microsoft Visual Studio Solution File, Format Version 12.00
# Visual Studio Version 16
VisualStudioVersion = 16.0.29709.97
MinimumVisualStudioVersion = 10.0.40219.1
Project("{FAE04EC0-301F-11D3-BF4B-00C04F79EFBC}") = "FantasyEuroleague", "FantasyEuroleague\FantasyEuroleague.csproj", "{07CABBC8-C312-4CEC-BB2A-6BFC458EBBF3}"
EndProject
Global
	GlobalSection(SolutionConfigurationPlatforms) = preSolution
		Debug|Any CPU = Debug|Any CPU
		Release|Any CPU = Release|Any CPU
	EndGlobalSection
	GlobalSection(ProjectConfigurationPlatforms) = postSolution
		{07CABBC8-C312-4CEC-BB2A-6BFC458EBBF3}.Debug|Any CPU.ActiveCfg = Debug|Any CPU
		{07CABBC8-C312-4CEC-BB2A-6BFC458EBBF3}.Debug|Any CPU.Build.0 = Debug|Any CPU
		{07CABBC8-C312-4CEC-BB2A-6BFC458EBBF3}.Release|Any CPU.ActiveCfg = Release|Any CPU
		{07CABBC8-C312-4CEC-BB2A-6BFC458EBBF3}.Release|Any CPU.Build.0 = Release|Any CPU
	EndGlobalSection
	GlobalSection(SolutionProperties) = preSolution
		HideSolutionNode = FALSE
	EndGlobalSection
	GlobalSection(ExtensibilityGlobals) = postSolution
		SolutionGuid = {6FDC9D2F-DDEC-454E-BC85-881F3210C489}
	EndGlobalSection
EndGlobal
